
Microsoft Visual Studio Solution File, Format Version 12.00
# Visual Studio 15
VisualStudioVersion = 15.0.26124.0
MinimumVisualStudioVersion = 15.0.26124.0
Project("{FAE04EC0-301F-11D3-BF4B-00C04F79EFBC}") = "APIServer", "APIServer\Mh.WebAPI.APIServer.csproj", "{CCA4794D-18FC-45FA-BEE0-9F646BECDB17}"
EndProject
Project("{FAE04EC0-301F-11D3-BF4B-00C04F79EFBC}") = "Client", "Client\Mh.WebAPI.Client.csproj", "{D7327AEC-3318-4DBF-8A68-D55014FDD5B8}"
EndProject
Project("{FAE04EC0-301F-11D3-BF4B-00C04F79EFBC}") = "Core", "Core\Mh.WebAPI.Core.csproj", "{103E46B2-C5A6-4791-95AE-989AB539574F}"
EndProject
Project("{FAE04EC0-301F-11D3-BF4B-00C04F79EFBC}") = "Common", "Common\Mh.WebAPI.Common.csproj", "{C3D84106-66EB-442C-B941-3BF9D85F9DDD}"
EndProject
Project("{FAE04EC0-301F-11D3-BF4B-00C04F79EFBC}") = "IdentityServer", "IdentityServer\Mh.WebAPI.IdentityServer.csproj", "{71A5D9A7-85DB-4855-A119-20DED0D8E619}"
EndProject
Global
	GlobalSection(SolutionConfigurationPlatforms) = preSolution
		Debug|Any CPU = Debug|Any CPU
		Debug|x64 = Debug|x64
		Debug|x86 = Debug|x86
		Release|Any CPU = Release|Any CPU
		Release|x64 = Release|x64
		Release|x86 = Release|x86
	EndGlobalSection
	GlobalSection(SolutionProperties) = preSolution
		HideSolutionNode = FALSE
	EndGlobalSection
	GlobalSection(ProjectConfigurationPlatforms) = postSolution
		{CCA4794D-18FC-45FA-BEE0-9F646BECDB17}.Debug|Any CPU.ActiveCfg = Debug|Any CPU
		{CCA4794D-18FC-45FA-BEE0-9F646BECDB17}.Debug|Any CPU.Build.0 = Debug|Any CPU
		{CCA4794D-18FC-45FA-BEE0-9F646BECDB17}.Debug|x64.ActiveCfg = Debug|Any CPU
		{CCA4794D-18FC-45FA-BEE0-9F646BECDB17}.Debug|x64.Build.0 = Debug|Any CPU
		{CCA4794D-18FC-45FA-BEE0-9F646BECDB17}.Debug|x86.ActiveCfg = Debug|Any CPU
		{CCA4794D-18FC-45FA-BEE0-9F646BECDB17}.Debug|x86.Build.0 = Debug|Any CPU
		{CCA4794D-18FC-45FA-BEE0-9F646BECDB17}.Release|Any CPU.ActiveCfg = Release|Any CPU
		{CCA4794D-18FC-45FA-BEE0-9F646BECDB17}.Release|Any CPU.Build.0 = Release|Any CPU
		{CCA4794D-18FC-45FA-BEE0-9F646BECDB17}.Release|x64.ActiveCfg = Release|Any CPU
		{CCA4794D-18FC-45FA-BEE0-9F646BECDB17}.Release|x64.Build.0 = Release|Any CPU
		{CCA4794D-18FC-45FA-BEE0-9F646BECDB17}.Release|x86.ActiveCfg = Release|Any CPU
		{CCA4794D-18FC-45FA-BEE0-9F646BECDB17}.Release|x86.Build.0 = Release|Any CPU
		{C3D84106-66EB-442C-B941-3BF9D85F9DDD}.Debug|Any CPU.ActiveCfg = Debug|Any CPU
		{C3D84106-66EB-442C-B941-3BF9D85F9DDD}.Debug|Any CPU.Build.0 = Debug|Any CPU
		{C3D84106-66EB-442C-B941-3BF9D85F9DDD}.Debug|x64.ActiveCfg = Debug|Any CPU
		{C3D84106-66EB-442C-B941-3BF9D85F9DDD}.Debug|x64.Build.0 = Debug|Any CPU
		{C3D84106-66EB-442C-B941-3BF9D85F9DDD}.Debug|x86.ActiveCfg = Debug|Any CPU
		{C3D84106-66EB-442C-B941-3BF9D85F9DDD}.Debug|x86.Build.0 = Debug|Any CPU
		{C3D84106-66EB-442C-B941-3BF9D85F9DDD}.Release|Any CPU.ActiveCfg = Release|Any CPU
		{C3D84106-66EB-442C-B941-3BF9D85F9DDD}.Release|Any CPU.Build.0 = Release|Any CPU
		{C3D84106-66EB-442C-B941-3BF9D85F9DDD}.Release|x64.ActiveCfg = Release|Any CPU
		{C3D84106-66EB-442C-B941-3BF9D85F9DDD}.Release|x64.Build.0 = Release|Any CPU
		{C3D84106-66EB-442C-B941-3BF9D85F9DDD}.Release|x86.ActiveCfg = Release|Any CPU
		{C3D84106-66EB-442C-B941-3BF9D85F9DDD}.Release|x86.Build.0 = Release|Any CPU
		{71A5D9A7-85DB-4855-A119-20DED0D8E619}.Debug|Any CPU.ActiveCfg = Debug|Any CPU
		{71A5D9A7-85DB-4855-A119-20DED0D8E619}.Debug|Any CPU.Build.0 = Debug|Any CPU
		{71A5D9A7-85DB-4855-A119-20DED0D8E619}.Debug|x64.ActiveCfg = Debug|Any CPU
		{71A5D9A7-85DB-4855-A119-20DED0D8E619}.Debug|x64.Build.0 = Debug|Any CPU
		{71A5D9A7-85DB-4855-A119-20DED0D8E619}.Debug|x86.ActiveCfg = Debug|Any CPU
		{71A5D9A7-85DB-4855-A119-20DED0D8E619}.Debug|x86.Build.0 = Debug|Any CPU
		{71A5D9A7-85DB-4855-A119-20DED0D8E619}.Release|Any CPU.ActiveCfg = Release|Any CPU
		{71A5D9A7-85DB-4855-A119-20DED0D8E619}.Release|Any CPU.Build.0 = Release|Any CPU
		{71A5D9A7-85DB-4855-A119-20DED0D8E619}.Release|x64.ActiveCfg = Release|Any CPU
		{71A5D9A7-85DB-4855-A119-20DED0D8E619}.Release|x64.Build.0 = Release|Any CPU
		{71A5D9A7-85DB-4855-A119-20DED0D8E619}.Release|x86.ActiveCfg = Release|Any CPU
		{71A5D9A7-85DB-4855-A119-20DED0D8E619}.Release|x86.Build.0 = Release|Any CPU
		{D7327AEC-3318-4DBF-8A68-D55014FDD5B8}.Debug|Any CPU.ActiveCfg = Debug|Any CPU
		{D7327AEC-3318-4DBF-8A68-D55014FDD5B8}.Debug|Any CPU.Build.0 = Debug|Any CPU
		{D7327AEC-3318-4DBF-8A68-D55014FDD5B8}.Debug|x64.ActiveCfg = Debug|Any CPU
		{D7327AEC-3318-4DBF-8A68-D55014FDD5B8}.Debug|x64.Build.0 = Debug|Any CPU
		{D7327AEC-3318-4DBF-8A68-D55014FDD5B8}.Debug|x86.ActiveCfg = Debug|Any CPU
		{D7327AEC-3318-4DBF-8A68-D55014FDD5B8}.Debug|x86.Build.0 = Debug|Any CPU
		{D7327AEC-3318-4DBF-8A68-D55014FDD5B8}.Release|Any CPU.ActiveCfg = Release|Any CPU
		{D7327AEC-3318-4DBF-8A68-D55014FDD5B8}.Release|Any CPU.Build.0 = Release|Any CPU
		{D7327AEC-3318-4DBF-8A68-D55014FDD5B8}.Release|x64.ActiveCfg = Release|Any CPU
		{D7327AEC-3318-4DBF-8A68-D55014FDD5B8}.Release|x64.Build.0 = Release|Any CPU
		{D7327AEC-3318-4DBF-8A68-D55014FDD5B8}.Release|x86.ActiveCfg = Release|Any CPU
		{D7327AEC-3318-4DBF-8A68-D55014FDD5B8}.Release|x86.Build.0 = Release|Any CPU
		{27555A36-4149-496D-9EE2-DF5BEBBBA6A5}.Debug|Any CPU.ActiveCfg = Debug|Any CPU
		{27555A36-4149-496D-9EE2-DF5BEBBBA6A5}.Debug|Any CPU.Build.0 = Debug|Any CPU
		{27555A36-4149-496D-9EE2-DF5BEBBBA6A5}.Debug|x64.ActiveCfg = Debug|Any CPU
		{27555A36-4149-496D-9EE2-DF5BEBBBA6A5}.Debug|x64.Build.0 = Debug|Any CPU
		{27555A36-4149-496D-9EE2-DF5BEBBBA6A5}.Debug|x86.ActiveCfg = Debug|Any CPU
		{27555A36-4149-496D-9EE2-DF5BEBBBA6A5}.Debug|x86.Build.0 = Debug|Any CPU
		{27555A36-4149-496D-9EE2-DF5BEBBBA6A5}.Release|Any CPU.ActiveCfg = Release|Any CPU
		{27555A36-4149-496D-9EE2-DF5BEBBBA6A5}.Release|Any CPU.Build.0 = Release|Any CPU
		{27555A36-4149-496D-9EE2-DF5BEBBBA6A5}.Release|x64.ActiveCfg = Release|Any CPU
		{27555A36-4149-496D-9EE2-DF5BEBBBA6A5}.Release|x64.Build.0 = Release|Any CPU
		{27555A36-4149-496D-9EE2-DF5BEBBBA6A5}.Release|x86.ActiveCfg = Release|Any CPU
		{27555A36-4149-496D-9EE2-DF5BEBBBA6A5}.Release|x86.Build.0 = Release|Any CPU
		{407A59B5-CA89-42CE-98EC-CF3F6F46DB8B}.Debug|Any CPU.ActiveCfg = Debug|Any CPU
		{407A59B5-CA89-42CE-98EC-CF3F6F46DB8B}.Debug|Any CPU.Build.0 = Debug|Any CPU
		{407A59B5-CA89-42CE-98EC-CF3F6F46DB8B}.Debug|x64.ActiveCfg = Debug|Any CPU
		{407A59B5-CA89-42CE-98EC-CF3F6F46DB8B}.Debug|x64.Build.0 = Debug|Any CPU
		{407A59B5-CA89-42CE-98EC-CF3F6F46DB8B}.Debug|x86.ActiveCfg = Debug|Any CPU
		{407A59B5-CA89-42CE-98EC-CF3F6F46DB8B}.Debug|x86.Build.0 = Debug|Any CPU
		{407A59B5-CA89-42CE-98EC-CF3F6F46DB8B}.Release|Any CPU.ActiveCfg = Release|Any CPU
		{407A59B5-CA89-42CE-98EC-CF3F6F46DB8B}.Release|Any CPU.Build.0 = Release|Any CPU
		{407A59B5-CA89-42CE-98EC-CF3F6F46DB8B}.Release|x64.ActiveCfg = Release|Any CPU
		{407A59B5-CA89-42CE-98EC-CF3F6F46DB8B}.Release|x64.Build.0 = Release|Any CPU
		{407A59B5-CA89-42CE-98EC-CF3F6F46DB8B}.Release|x86.ActiveCfg = Release|Any CPU
		{407A59B5-CA89-42CE-98EC-CF3F6F46DB8B}.Release|x86.Build.0 = Release|Any CPU
		{103E46B2-C5A6-4791-95AE-989AB539574F}.Debug|Any CPU.ActiveCfg = Debug|Any CPU
		{103E46B2-C5A6-4791-95AE-989AB539574F}.Debug|Any CPU.Build.0 = Debug|Any CPU
		{103E46B2-C5A6-4791-95AE-989AB539574F}.Debug|x64.ActiveCfg = Debug|Any CPU
		{103E46B2-C5A6-4791-95AE-989AB539574F}.Debug|x64.Build.0 = Debug|Any CPU
		{103E46B2-C5A6-4791-95AE-989AB539574F}.Debug|x86.ActiveCfg = Debug|Any CPU
		{103E46B2-C5A6-4791-95AE-989AB539574F}.Debug|x86.Build.0 = Debug|Any CPU
		{103E46B2-C5A6-4791-95AE-989AB539574F}.Release|Any CPU.ActiveCfg = Release|Any CPU
		{103E46B2-C5A6-4791-95AE-989AB539574F}.Release|Any CPU.Build.0 = Release|Any CPU
		{103E46B2-C5A6-4791-95AE-989AB539574F}.Release|x64.ActiveCfg = Release|Any CPU
		{103E46B2-C5A6-4791-95AE-989AB539574F}.Release|x64.Build.0 = Release|Any CPU
		{103E46B2-C5A6-4791-95AE-989AB539574F}.Release|x86.ActiveCfg = Release|Any CPU
		{103E46B2-C5A6-4791-95AE-989AB539574F}.Release|x86.Build.0 = Release|Any CPU
	EndGlobalSection
EndGlobal
